
Microsoft Visual Studio Solution File, Format Version 12.00
# Visual Studio Express 2012 for Windows Desktop
Project("{FAE04EC0-301F-11D3-BF4B-00C04F79EFBC}") = "Host_CMD", "Host_CMD\Host_CMD.csproj", "{51C90925-BBC2-4A3C-BAFA-10799AC63173}"
EndProject
Global
	GlobalSection(SolutionConfigurationPlatforms) = preSolution
		Debug|Any CPU = Debug|Any CPU
		Release|Any CPU = Release|Any CPU
	EndGlobalSection
	GlobalSection(ProjectConfigurationPlatforms) = postSolution
		{51C90925-BBC2-4A3C-BAFA-10799AC63173}.Debug|Any CPU.ActiveCfg = Debug|Any CPU
		{51C90925-BBC2-4A3C-BAFA-10799AC63173}.Debug|Any CPU.Build.0 = Debug|Any CPU
		{51C90925-BBC2-4A3C-BAFA-10799AC63173}.Release|Any CPU.ActiveCfg = Release|Any CPU
		{51C90925-BBC2-4A3C-BAFA-10799AC63173}.Release|Any CPU.Build.0 = Release|Any CPU
	EndGlobalSection
	GlobalSection(SolutionProperties) = preSolution
		HideSolutionNode = FALSE
	EndGlobalSection
EndGlobal
